
Microsoft Visual Studio Solution File, Format Version 12.00
# Visual Studio Version 17
VisualStudioVersion = 17.4.33110.190
MinimumVisualStudioVersion = 10.0.40219.1
Project("{FAE04EC0-301F-11D3-BF4B-00C04F79EFBC}") = "Music Audio Player", "Music Audio Player\Music Audio Player.csproj", "{251B049F-DD39-4E67-9097-BF9F26566B8E}"
EndProject
Global
	GlobalSection(SolutionConfigurationPlatforms) = preSolution
		Debug|Any CPU = Debug|Any CPU
		Release|Any CPU = Release|Any CPU
	EndGlobalSection
	GlobalSection(ProjectConfigurationPlatforms) = postSolution
		{251B049F-DD39-4E67-9097-BF9F26566B8E}.Debug|Any CPU.ActiveCfg = Debug|Any CPU
		{251B049F-DD39-4E67-9097-BF9F26566B8E}.Debug|Any CPU.Build.0 = Debug|Any CPU
		{251B049F-DD39-4E67-9097-BF9F26566B8E}.Release|Any CPU.ActiveCfg = Release|Any CPU
		{251B049F-DD39-4E67-9097-BF9F26566B8E}.Release|Any CPU.Build.0 = Release|Any CPU
	EndGlobalSection
	GlobalSection(SolutionProperties) = preSolution
		HideSolutionNode = FALSE
	EndGlobalSection
	GlobalSection(ExtensibilityGlobals) = postSolution
		SolutionGuid = {C5EC973E-71E3-4F58-9E5E-229A72F5E60D}
	EndGlobalSection
EndGlobal
